
Microsoft Visual Studio Solution File, Format Version 12.00
# Visual Studio Version 17
VisualStudioVersion = 17.11.35303.130
MinimumVisualStudioVersion = 10.0.40219.1
Project("{2150E333-8FDC-42A3-9474-1A3956D46DE8}") = "Task0", "Task0", "{68062A34-1305-4B35-91CB-2F3F14842015}"
EndProject
Project("{FAE04EC0-301F-11D3-BF4B-00C04F79EFBC}") = "Tyuiu.TiasinIA.Sprint3.Task0.V9", "Tyuiu.TiasinIA.Sprint3.Task0.V9\Tyuiu.TiasinIA.Sprint3.Task0.V9.csproj", "{BC90F62A-E8FA-4863-8DA3-A1B18EF27B7E}"
EndProject
Project("{FAE04EC0-301F-11D3-BF4B-00C04F79EFBC}") = "Tyuiu.TiasinIA.Sprint3.Task0.V9.Lib", "Tyuiu.TiasinIA.Sprint3.Task0.V9.Lib\Tyuiu.TiasinIA.Sprint3.Task0.V9.Lib.csproj", "{FF4253A4-D2AB-42D3-97E2-6C940834D91D}"
EndProject
Project("{FAE04EC0-301F-11D3-BF4B-00C04F79EFBC}") = "Tyuiu.TiasinIA.Sprint3.Task0.V9.Test", "Tyuiu.TiasinIA.Sprint3.Task0.V9.Test\Tyuiu.TiasinIA.Sprint3.Task0.V9.Test.csproj", "{9BB18015-0444-4BBF-8278-62F4173BD6E1}"
EndProject
Project("{2150E333-8FDC-42A3-9474-1A3956D46DE8}") = "Task1", "Task1", "{A856945F-1E8C-4842-8CBE-F6653CA5DFD3}"
EndProject
Project("{FAE04EC0-301F-11D3-BF4B-00C04F79EFBC}") = "Tyuiu.TiasinIA.Sprint3.Task1.V15", "Tyuiu.TiasinIA.Sprint3.Task1.V15\Tyuiu.TiasinIA.Sprint3.Task1.V15.csproj", "{BBBA8535-850B-486D-8AAF-8E21A936FF34}"
EndProject
Project("{FAE04EC0-301F-11D3-BF4B-00C04F79EFBC}") = "Tyuiu.TiasinIA.Sprint3.Task1.V15.Lib", "Tyuiu.TiasinIA.Sprint3.Task1.V15.Lib\Tyuiu.TiasinIA.Sprint3.Task1.V15.Lib.csproj", "{9953ECF6-C1AA-4886-B747-C852F9C800EB}"
EndProject
Project("{FAE04EC0-301F-11D3-BF4B-00C04F79EFBC}") = "Tyuiu.TiasinIA.Sprint3.Task1.V15.Test", "Tyuiu.TiasinIA.Sprint3.Task1.V15.Test\Tyuiu.TiasinIA.Sprint3.Task1.V15.Test.csproj", "{46D8ECD7-8454-4093-8BFB-D08560632A96}"
EndProject
Global
	GlobalSection(SolutionConfigurationPlatforms) = preSolution
		Debug|Any CPU = Debug|Any CPU
		Release|Any CPU = Release|Any CPU
	EndGlobalSection
	GlobalSection(ProjectConfigurationPlatforms) = postSolution
		{BC90F62A-E8FA-4863-8DA3-A1B18EF27B7E}.Debug|Any CPU.ActiveCfg = Debug|Any CPU
		{BC90F62A-E8FA-4863-8DA3-A1B18EF27B7E}.Debug|Any CPU.Build.0 = Debug|Any CPU
		{BC90F62A-E8FA-4863-8DA3-A1B18EF27B7E}.Release|Any CPU.ActiveCfg = Release|Any CPU
		{BC90F62A-E8FA-4863-8DA3-A1B18EF27B7E}.Release|Any CPU.Build.0 = Release|Any CPU
		{FF4253A4-D2AB-42D3-97E2-6C940834D91D}.Debug|Any CPU.ActiveCfg = Debug|Any CPU
		{FF4253A4-D2AB-42D3-97E2-6C940834D91D}.Debug|Any CPU.Build.0 = Debug|Any CPU
		{FF4253A4-D2AB-42D3-97E2-6C940834D91D}.Release|Any CPU.ActiveCfg = Release|Any CPU
		{FF4253A4-D2AB-42D3-97E2-6C940834D91D}.Release|Any CPU.Build.0 = Release|Any CPU
		{9BB18015-0444-4BBF-8278-62F4173BD6E1}.Debug|Any CPU.ActiveCfg = Debug|Any CPU
		{9BB18015-0444-4BBF-8278-62F4173BD6E1}.Debug|Any CPU.Build.0 = Debug|Any CPU
		{9BB18015-0444-4BBF-8278-62F4173BD6E1}.Release|Any CPU.ActiveCfg = Release|Any CPU
		{9BB18015-0444-4BBF-8278-62F4173BD6E1}.Release|Any CPU.Build.0 = Release|Any CPU
		{BBBA8535-850B-486D-8AAF-8E21A936FF34}.Debug|Any CPU.ActiveCfg = Debug|Any CPU
		{BBBA8535-850B-486D-8AAF-8E21A936FF34}.Debug|Any CPU.Build.0 = Debug|Any CPU
		{BBBA8535-850B-486D-8AAF-8E21A936FF34}.Release|Any CPU.ActiveCfg = Release|Any CPU
		{BBBA8535-850B-486D-8AAF-8E21A936FF34}.Release|Any CPU.Build.0 = Release|Any CPU
		{9953ECF6-C1AA-4886-B747-C852F9C800EB}.Debug|Any CPU.ActiveCfg = Debug|Any CPU
		{9953ECF6-C1AA-4886-B747-C852F9C800EB}.Debug|Any CPU.Build.0 = Debug|Any CPU
		{9953ECF6-C1AA-4886-B747-C852F9C800EB}.Release|Any CPU.ActiveCfg = Release|Any CPU
		{9953ECF6-C1AA-4886-B747-C852F9C800EB}.Release|Any CPU.Build.0 = Release|Any CPU
		{46D8ECD7-8454-4093-8BFB-D08560632A96}.Debug|Any CPU.ActiveCfg = Debug|Any CPU
		{46D8ECD7-8454-4093-8BFB-D08560632A96}.Debug|Any CPU.Build.0 = Debug|Any CPU
		{46D8ECD7-8454-4093-8BFB-D08560632A96}.Release|Any CPU.ActiveCfg = Release|Any CPU
		{46D8ECD7-8454-4093-8BFB-D08560632A96}.Release|Any CPU.Build.0 = Release|Any CPU
	EndGlobalSection
	GlobalSection(SolutionProperties) = preSolution
		HideSolutionNode = FALSE
	EndGlobalSection
	GlobalSection(NestedProjects) = preSolution
		{BC90F62A-E8FA-4863-8DA3-A1B18EF27B7E} = {68062A34-1305-4B35-91CB-2F3F14842015}
		{FF4253A4-D2AB-42D3-97E2-6C940834D91D} = {68062A34-1305-4B35-91CB-2F3F14842015}
		{9BB18015-0444-4BBF-8278-62F4173BD6E1} = {68062A34-1305-4B35-91CB-2F3F14842015}
		{BBBA8535-850B-486D-8AAF-8E21A936FF34} = {A856945F-1E8C-4842-8CBE-F6653CA5DFD3}
		{9953ECF6-C1AA-4886-B747-C852F9C800EB} = {A856945F-1E8C-4842-8CBE-F6653CA5DFD3}
		{46D8ECD7-8454-4093-8BFB-D08560632A96} = {A856945F-1E8C-4842-8CBE-F6653CA5DFD3}
	EndGlobalSection
	GlobalSection(ExtensibilityGlobals) = postSolution
		SolutionGuid = {1794C520-52D1-476A-A4C0-009B93352E30}
	EndGlobalSection
EndGlobal
